
Microsoft Visual Studio Solution File, Format Version 12.00
# Visual Studio Version 17
VisualStudioVersion = 17.10.35013.160
MinimumVisualStudioVersion = 10.0.40219.1
Project("{FAE04EC0-301F-11D3-BF4B-00C04F79EFBC}") = "mvc", "mvc\mvc.csproj", "{E993A04E-4D94-4EA3-97AD-2365DFDBC875}"
EndProject
Global
	GlobalSection(SolutionConfigurationPlatforms) = preSolution
		Debug|Any CPU = Debug|Any CPU
		Release|Any CPU = Release|Any CPU
	EndGlobalSection
	GlobalSection(ProjectConfigurationPlatforms) = postSolution
		{E993A04E-4D94-4EA3-97AD-2365DFDBC875}.Debug|Any CPU.ActiveCfg = Debug|Any CPU
		{E993A04E-4D94-4EA3-97AD-2365DFDBC875}.Debug|Any CPU.Build.0 = Debug|Any CPU
		{E993A04E-4D94-4EA3-97AD-2365DFDBC875}.Release|Any CPU.ActiveCfg = Release|Any CPU
		{E993A04E-4D94-4EA3-97AD-2365DFDBC875}.Release|Any CPU.Build.0 = Release|Any CPU
	EndGlobalSection
	GlobalSection(SolutionProperties) = preSolution
		HideSolutionNode = FALSE
	EndGlobalSection
	GlobalSection(ExtensibilityGlobals) = postSolution
		SolutionGuid = {B0454640-F86A-43B7-A0ED-017D461AD97E}
	EndGlobalSection
EndGlobal
