
Microsoft Visual Studio Solution File, Format Version 12.00
# Visual Studio Version 17
VisualStudioVersion = 17.10.35013.160
MinimumVisualStudioVersion = 10.0.40219.1
Project("{FAE04EC0-301F-11D3-BF4B-00C04F79EFBC}") = "WebApplication3_eco", "WebApplication3_eco\WebApplication3_eco.csproj", "{C1E426D9-9451-486B-9AB0-BB68AA4F7405}"
EndProject
Global
	GlobalSection(SolutionConfigurationPlatforms) = preSolution
		Debug|Any CPU = Debug|Any CPU
		Release|Any CPU = Release|Any CPU
	EndGlobalSection
	GlobalSection(ProjectConfigurationPlatforms) = postSolution
		{C1E426D9-9451-486B-9AB0-BB68AA4F7405}.Debug|Any CPU.ActiveCfg = Debug|Any CPU
		{C1E426D9-9451-486B-9AB0-BB68AA4F7405}.Debug|Any CPU.Build.0 = Debug|Any CPU
		{C1E426D9-9451-486B-9AB0-BB68AA4F7405}.Release|Any CPU.ActiveCfg = Release|Any CPU
		{C1E426D9-9451-486B-9AB0-BB68AA4F7405}.Release|Any CPU.Build.0 = Release|Any CPU
	EndGlobalSection
	GlobalSection(SolutionProperties) = preSolution
		HideSolutionNode = FALSE
	EndGlobalSection
	GlobalSection(ExtensibilityGlobals) = postSolution
		SolutionGuid = {A836D37F-423B-46C9-9387-FA76E138D267}
	EndGlobalSection
EndGlobal
